// !$*UTF8*$!
{
	archiveVersion = 1;
	classes = {
	};
	objectVersion = 46;
	objects = {

/* Begin PBXBuildFile section */
		0A620FC016D28BBC00A4A7B3 /* Default-568h@2x.png in Resources */ = {isa = PBXBuildFile; fileRef = 0A620FBF16D28BBC00A4A7B3 /* Default-568h@2x.png */; };
		0AFCA0B914FDECF6006F5D7D /* UIKit.framework in Frameworks */ = {isa = PBXBuildFile; fileRef = 0AFCA0B814FDECF6006F5D7D /* UIKit.framework */; };
		0AFCA0BB14FDECF6006F5D7D /* Foundation.framework in Frameworks */ = {isa = PBXBuildFile; fileRef = 0AFCA0BA14FDECF6006F5D7D /* Foundation.framework */; };
		0AFCA0BD14FDECF6006F5D7D /* CoreGraphics.framework in Frameworks */ = {isa = PBXBuildFile; fileRef = 0AFCA0BC14FDECF6006F5D7D /* CoreGraphics.framework */; };
		0AFCA0C314FDECF6006F5D7D /* InfoPlist.strings in Resources */ = {isa = PBXBuildFile; fileRef = 0AFCA0C114FDECF6006F5D7D /* InfoPlist.strings */; };
		0AFCA0C514FDECF6006F5D7D /* main.m in Sources */ = {isa = PBXBuildFile; fileRef = 0AFCA0C414FDECF6006F5D7D /* main.m */; };
		0AFCA0C914FDECF6006F5D7D /* AppDelegate.m in Sources */ = {isa = PBXBuildFile; fileRef = 0AFCA0C814FDECF6006F5D7D /* AppDelegate.m */; };
		0AFCA0CC14FDECF6006F5D7D /* ViewController.m in Sources */ = {isa = PBXBuildFile; fileRef = 0AFCA0CB14FDECF6006F5D7D /* ViewController.m */; };
		0AFCA0CF14FDECF6006F5D7D /* ViewController.xib in Resources */ = {isa = PBXBuildFile; fileRef = 0AFCA0CD14FDECF6006F5D7D /* ViewController.xib */; };
/* End PBXBuildFile section */

/* Begin PBXFileReference section */
		0A620FBF16D28BBC00A4A7B3 /* Default-568h@2x.png */ = {isa = PBXFileReference; lastKnownFileType = image.png; path = "Default-568h@2x.png"; sourceTree = "<group>"; };
		0AFCA0B414FDECF6006F5D7D /* HelloWorld.app */ = {isa = PBXFileReference; explicitFileType = wrapper.application; includeInIndex = 0; path = HelloWorld.app; sourceTree = BUILT_PRODUCTS_DIR; };
		0AFCA0B814FDECF6006F5D7D /* UIKit.framework */ = {isa = PBXFileReference; lastKnownFileType = wrapper.framework; name = UIKit.framework; path = System/Library/Frameworks/UIKit.framework; sourceTree = SDKROOT; };
		0AFCA0BA14FDECF6006F5D7D /* Foundation.framework */ = {isa = PBXFileReference; lastKnownFileType = wrapper.framework; name = Foundation.framework; path = System/Library/Frameworks/Foundation.framework; sourceTree = SDKROOT; };
		0AFCA0BC14FDECF6006F5D7D /* CoreGraphics.framework */ = {isa = PBXFileReference; lastKnownFileType = wrapper.framework; name = CoreGraphics.framework; path = System/Library/Frameworks/CoreGraphics.framework; sourceTree = SDKROOT; };
		0AFCA0C014FDECF6006F5D7D /* HelloWorld-Info.plist */ = {isa = PBXFileReference; lastKnownFileType = text.plist.xml; path = "HelloWorld-Info.plist"; sourceTree = "<group>"; };
		0AFCA0C214FDECF6006F5D7D /* en */ = {isa = PBXFileReference; lastKnownFileType = text.plist.strings; name = en; path = en.lproj/InfoPlist.strings; sourceTree = "<group>"; };
		0AFCA0C414FDECF6006F5D7D /* main.m */ = {isa = PBXFileReference; lastKnownFileType = sourcecode.c.objc; path = main.m; sourceTree = "<group>"; };
		0AFCA0C614FDECF6006F5D7D /* HelloWorld-Prefix.pch */ = {isa = PBXFileReference; lastKnownFileType = sourcecode.c.h; path = "HelloWorld-Prefix.pch"; sourceTree = "<group>"; };
		0AFCA0C714FDECF6006F5D7D /* AppDelegate.h */ = {isa = PBXFileReference; lastKnownFileType = sourcecode.c.h; path = AppDelegate.h; sourceTree = "<group>"; };
		0AFCA0C814FDECF6006F5D7D /* AppDelegate.m */ = {isa = PBXFileReference; lastKnownFileType = sourcecode.c.objc; path = AppDelegate.m; sourceTree = "<group>"; };
		0AFCA0CA14FDECF6006F5D7D /* ViewController.h */ = {isa = PBXFileReference; lastKnownFileType = sourcecode.c.h; path = ViewController.h; sourceTree = "<group>"; };
		0AFCA0CB14FDECF6006F5D7D /* ViewController.m */ = {isa = PBXFileReference; lastKnownFileType = sourcecode.c.objc; path = ViewController.m; sourceTree = "<group>"; };
		0AFCA0CE14FDECF6006F5D7D /* en */ = {isa = PBXFileReference; lastKnownFileType = file.xib; name = en; path = en.lproj/ViewController.xib; sourceTree = "<group>"; };
/* End PBXFileReference section */

/* Begin PBXFrameworksBuildPhase section */
		0AFCA0B114FDECF6006F5D7D /* Frameworks */ = {
			isa = PBXFrameworksBuildPhase;
			buildActionMask = 2147483647;
			files = (
				0AFCA0B914FDECF6006F5D7D /* UIKit.framework in Frameworks */,
				0AFCA0BB14FDECF6006F5D7D /* Foundation.framework in Frameworks */,
				0AFCA0BD14FDECF6006F5D7D /* CoreGraphics.framework in Frameworks */,
			);
			runOnlyForDeploymentPostprocessing = 0;
		};
/* End PBXFrameworksBuildPhase section */

/* Begin PBXGroup section */
		0AFCA0A914FDECF6006F5D7D = {
			isa = PBXGroup;
			children = (
				0A620FBF16D28BBC00A4A7B3 /* Default-568h@2x.png */,
				0AFCA0BE14FDECF6006F5D7D /* HelloWorld */,
				0AFCA0B714FDECF6006F5D7D /* Frameworks */,
				0AFCA0B514FDECF6006F5D7D /* Products */,
			);
			sourceTree = "<group>";
		};
		0AFCA0B514FDECF6006F5D7D /* Products */ = {
			isa = PBXGroup;
			children = (
				0AFCA0B414FDECF6006F5D7D /* HelloWorld.app */,
			);
			name = Products;
			sourceTree = "<group>";
		};
		0AFCA0B714FDECF6006F5D7D /* Frameworks */ = {
			isa = PBXGroup;
			children = (
				0AFCA0B814FDECF6006F5D7D /* UIKit.framework */,
				0AFCA0BA14FDECF6006F5D7D /* Foundation.framework */,
				0AFCA0BC14FDECF6006F5D7D /* CoreGraphics.framework */,
			);
			name = Frameworks;
			sourceTree = "<group>";
		};
		0AFCA0BE14FDECF6006F5D7D /* HelloWorld */ = {
			isa = PBXGroup;
			children = (
				0AFCA0C714FDECF6006F5D7D /* AppDelegate.h */,
				0AFCA0C814FDECF6006F5D7D /* AppDelegate.m */,
				0AFCA0CA14FDECF6006F5D7D /* ViewController.h */,
				0AFCA0CB14FDECF6006F5D7D /* ViewController.m */,
				0AFCA0CD14FDECF6006F5D7D /* ViewController.xib */,
				0AFCA0BF14FDECF6006F5D7D /* Supporting Files */,
			);
			path = HelloWorld;
			sourceTree = "<group>";
		};
		0AFCA0BF14FDECF6006F5D7D /* Supporting Files */ = {
			isa = PBXGroup;
			children = (
				0AFCA0C014FDECF6006F5D7D /* HelloWorld-Info.plist */,
				0AFCA0C114FDECF6006F5D7D /* InfoPlist.strings */,
				0AFCA0C414FDECF6006F5D7D /* main.m */,
				0AFCA0C614FDECF6006F5D7D /* HelloWorld-Prefix.pch */,
			);
			name = "Supporting Files";
			sourceTree = "<group>";
		};
/* End PBXGroup section */

/* Begin PBXNativeTarget section */
		0AFCA0B314FDECF6006F5D7D /* HelloWorld */ = {
			isa = PBXNativeTarget;
			buildConfigurationList = 0AFCA0D214FDECF6006F5D7D /* Build configuration list for PBXNativeTarget "HelloWorld" */;
			buildPhases = (
				0AFCA0B014FDECF6006F5D7D /* Sources */,
				0AFCA0B114FDECF6006F5D7D /* Frameworks */,
				0AFCA0B214FDECF6006F5D7D /* Resources */,
			);
			buildRules = (
			);
			dependencies = (
			);
			name = HelloWorld;
			productName = HelloWorld;
			productReference = 0AFCA0B414FDECF6006F5D7D /* HelloWorld.app */;
			productType = "com.apple.product-type.application";
		};
/* End PBXNativeTarget section */

/* Begin PBXProject section */
		0AFCA0AB14FDECF6006F5D7D /* Project object */ = {
			isa = PBXProject;
			attributes = {
				LastUpgradeCheck = 0430;
			};
			buildConfigurationList = 0AFCA0AE14FDECF6006F5D7D /* Build configuration list for PBXProject "HelloWorld" */;
			compatibilityVersion = "Xcode 3.2";
			developmentRegion = English;
			hasScannedForEncodings = 0;
			knownRegions = (
				en,
			);
			mainGroup = 0AFCA0A914FDECF6006F5D7D;
			productRefGroup = 0AFCA0B514FDECF6006F5D7D /* Products */;
			projectDirPath = "";
			projectRoot = "";
			targets = (
				0AFCA0B314FDECF6006F5D7D /* HelloWorld */,
			);
		};
/* End PBXProject section */

/* Begin PBXResourcesBuildPhase section */
		0AFCA0B214FDECF6006F5D7D /* Resources */ = {
			isa = PBXResourcesBuildPhase;
			buildActionMask = 2147483647;
			files = (
				0AFCA0C314FDECF6006F5D7D /* InfoPlist.strings in Resources */,
				0AFCA0CF14FDECF6006F5D7D /* ViewController.xib in Resources */,
				0A620FC016D28BBC00A4A7B3 /* Default-568h@2x.png in Resources */,
			);
			runOnlyForDeploymentPostprocessing = 0;
		};
/* End PBXResourcesBuildPhase section */

/* Begin PBXSourcesBuildPhase section */
		0AFCA0B014FDECF6006F5D7D /* Sources */ = {
			isa = PBXSourcesBuildPhase;
			buildActionMask = 2147483647;
			files = (
				0AFCA0C514FDECF6006F5D7D /* main.m in Sources */,
				0AFCA0C914FDECF6006F5D7D /* AppDelegate.m in Sources */,
				0AFCA0CC14FDECF6006F5D7D /* ViewController.m in Sources */,
			);
			runOnlyForDeploymentPostprocessing = 0;
		};
/* End PBXSourcesBuildPhase section */

/* Begin PBXVariantGroup section */
		0AFCA0C114FDECF6006F5D7D /* InfoPlist.strings */ = {
			isa = PBXVariantGroup;
			children = (
				0AFCA0C214FDECF6006F5D7D /* en */,
			);
			name = InfoPlist.strings;
			sourceTree = "<group>";
		};
		0AFCA0CD14FDECF6006F5D7D /* ViewController.xib */ = {
			isa = PBXVariantGroup;
			children = (
				0AFCA0CE14FDECF6006F5D7D /* en */,
			);
			name = ViewController.xib;
			sourceTree = "<group>";
		};
/* End PBXVariantGroup section */

/* Begin XCBuildConfiguration section */
		0AFCA0D014FDECF6006F5D7D /* Debug */ = {
			isa = XCBuildConfiguration;
			buildSettings = {
				ALWAYS_SEARCH_USER_PATHS = NO;
				ARCHS = "$(ARCHS_STANDARD_32_BIT)";
				CLANG_ENABLE_OBJC_ARC = YES;
				"CODE_SIGN_IDENTITY[sdk=iphoneos*]" = "iPhone Developer";
				COPY_PHASE_STRIP = NO;
				GCC_C_LANGUAGE_STANDARD = gnu99;
				GCC_DYNAMIC_NO_PIC = NO;
				GCC_OPTIMIZATION_LEVEL = 0;
				GCC_PREPROCESSOR_DEFINITIONS = (
					"DEBUG=1",
					"$(inherited)",
				);
				GCC_SYMBOLS_PRIVATE_EXTERN = NO;
				GCC_VERSION = com.apple.compilers.llvm.clang.1_0;
				GCC_WARN_ABOUT_RETURN_TYPE = YES;
				GCC_WARN_UNINITIALIZED_AUTOS = YES;
				GCC_WARN_UNUSED_VARIABLE = YES;
				IPHONEOS_DEPLOYMENT_TARGET = 5.0;
				SDKROOT = iphoneos;
			};
			name = Debug;
		};
		0AFCA0D114FDECF6006F5D7D /* Release */ = {
			isa = XCBuildConfiguration;
			buildSettings = {
				ALWAYS_SEARCH_USER_PATHS = NO;
				ARCHS = "$(ARCHS_STANDARD_32_BIT)";
				CLANG_ENABLE_OBJC_ARC = YES;
				"CODE_SIGN_IDENTITY[sdk=iphoneos*]" = "iPhone Developer";
				COPY_PHASE_STRIP = YES;
				GCC_C_LANGUAGE_STANDARD = gnu99;
				GCC_VERSION = com.apple.compilers.llvm.clang.1_0;
				GCC_WARN_ABOUT_RETURN_TYPE = YES;
				GCC_WARN_UNINITIALIZED_AUTOS = YES;
				GCC_WARN_UNUSED_VARIABLE = YES;
				IPHONEOS_DEPLOYMENT_TARGET = 5.0;
				OTHER_CFLAGS = "-DNS_BLOCK_ASSERTIONS=1";
				SDKROOT = iphoneos;
				VALIDATE_PRODUCT = YES;
			};
			name = Release;
		};
		0AFCA0D314FDECF6006F5D7D /* Debug */ = {
			isa = XCBuildConfiguration;
			buildSettings = {
				GCC_PRECOMPILE_PREFIX_HEADER = YES;
				GCC_PREFIX_HEADER = "HelloWorld/HelloWorld-Prefix.pch";
				INFOPLIST_FILE = "HelloWorld/HelloWorld-Info.plist";
				PRODUCT_NAME = "$(TARGET_NAME)";
				WRAPPER_EXTENSION = app;
			};
			name = Debug;
		};
		0AFCA0D414FDECF6006F5D7D /* Release */ = {
			isa = XCBuildConfiguration;
			buildSettings = {
				GCC_PRECOMPILE_PREFIX_HEADER = YES;
				GCC_PREFIX_HEADER = "HelloWorld/HelloWorld-Prefix.pch";
				INFOPLIST_FILE = "HelloWorld/HelloWorld-Info.plist";
				PRODUCT_NAME = "$(TARGET_NAME)";
				WRAPPER_EXTENSION = app;
			};
			name = Release;
		};
/* End XCBuildConfiguration section */

/* Begin XCConfigurationList section */
		0AFCA0AE14FDECF6006F5D7D /* Build configuration list for PBXProject "HelloWorld" */ = {
			isa = XCConfigurationList;
			buildConfigurations = (
				0AFCA0D014FDECF6006F5D7D /* Debug */,
				0AFCA0D114FDECF6006F5D7D /* Release */,
			);
			defaultConfigurationIsVisible = 0;
			defaultConfigurationName = Release;
		};
		0AFCA0D214FDECF6006F5D7D /* Build configuration list for PBXNativeTarget "HelloWorld" */ = {
			isa = XCConfigurationList;
			buildConfigurations = (
				0AFCA0D314FDECF6006F5D7D /* Debug */,
				0AFCA0D414FDECF6006F5D7D /* Release */,
			);
			defaultConfigurationIsVisible = 0;
			defaultConfigurationName = Release;
		};
/* End XCConfigurationList section */
	};
	rootObject = 0AFCA0AB14FDECF6006F5D7D /* Project object */;
}
